
Microsoft Visual Studio Solution File, Format Version 12.00
Project("{F503F33F-68FC-4C84-89A5-D48C08B8502D}") = "OrbitalSurvey", "src/OrbitalSurvey/OrbitalSurvey.csproj", "{5EB09D5F-D43C-4BE9-A178-756AA1067610}"
EndProject
Project("{F503F33F-68FC-4C84-89A5-D48C08B8502D}") = "OrbitalSurvey.Unity", "src/OrbitalSurvey.Unity/OrbitalSurvey.Unity.csproj", "{181B47A2-51B2-4130-A3AE-00A6B042DCF6}"
EndProject
Global
	GlobalSection(SolutionConfigurationPlatforms) = preSolution
		Debug|Any CPU = Debug|Any CPU
		Release|Any CPU = Release|Any CPU
		Deploy|Any CPU = Deploy|Any CPU
		DeployAndRun|Any CPU = DeployAndRun|Any CPU
	EndGlobalSection
	GlobalSection(ProjectConfigurationPlatforms) = postSolution
		{5EB09D5F-D43C-4BE9-A178-756AA1067610}.Debug|Any CPU.ActiveCfg = Debug|Any CPU
		{5EB09D5F-D43C-4BE9-A178-756AA1067610}.Debug|Any CPU.Build.0 = Debug|Any CPU
		{5EB09D5F-D43C-4BE9-A178-756AA1067610}.Release|Any CPU.ActiveCfg = Release|Any CPU
		{5EB09D5F-D43C-4BE9-A178-756AA1067610}.Release|Any CPU.Build.0 = Release|Any CPU
		{5EB09D5F-D43C-4BE9-A178-756AA1067610}.Deploy|Any CPU.ActiveCfg = Deploy|Any CPU
		{5EB09D5F-D43C-4BE9-A178-756AA1067610}.Deploy|Any CPU.Build.0 = Deploy|Any CPU
		{5EB09D5F-D43C-4BE9-A178-756AA1067610}.DeployAndRun|Any CPU.ActiveCfg = DeployAndRun|Any CPU
		{5EB09D5F-D43C-4BE9-A178-756AA1067610}.DeployAndRun|Any CPU.Build.0 = DeployAndRun|Any CPU
		{181B47A2-51B2-4130-A3AE-00A6B042DCF6}.Debug|Any CPU.ActiveCfg = Debug|Any CPU
		{181B47A2-51B2-4130-A3AE-00A6B042DCF6}.Debug|Any CPU.Build.0 = Debug|Any CPU
		{181B47A2-51B2-4130-A3AE-00A6B042DCF6}.Release|Any CPU.ActiveCfg = Release|Any CPU
		{181B47A2-51B2-4130-A3AE-00A6B042DCF6}.Release|Any CPU.Build.0 = Release|Any CPU
		{181B47A2-51B2-4130-A3AE-00A6B042DCF6}.Deploy|Any CPU.ActiveCfg = Deploy|Any CPU
		{181B47A2-51B2-4130-A3AE-00A6B042DCF6}.Deploy|Any CPU.Build.0 = Deploy|Any CPU
		{181B47A2-51B2-4130-A3AE-00A6B042DCF6}.DeployAndRun|Any CPU.ActiveCfg = DeployAndRun|Any CPU
		{181B47A2-51B2-4130-A3AE-00A6B042DCF6}.DeployAndRun|Any CPU.Build.0 = DeployAndRun|Any CPU
	EndGlobalSection
EndGlobal


